
Microsoft Visual Studio Solution File, Format Version 12.00
# Visual Studio 15
VisualStudioVersion = 15.0.27428.2037
MinimumVisualStudioVersion = 10.0.40219.1
Project("{FAE04EC0-301F-11D3-BF4B-00C04F79EFBC}") = "Study3XFBA.Android", "Study3XFBA\Study3XFBA.Android\Study3XFBA.Android.csproj", "{A234A0BC-76A4-4EF4-B28A-999106555232}"
EndProject
Project("{FAE04EC0-301F-11D3-BF4B-00C04F79EFBC}") = "Study3XFBA.iOS", "Study3XFBA\Study3XFBA.iOS\Study3XFBA.iOS.csproj", "{2BF702A9-305D-4FAA-96B3-6B376C1D4825}"
EndProject
Project("{FAE04EC0-301F-11D3-BF4B-00C04F79EFBC}") = "Study3XFBA.UWP", "Study3XFBA\Study3XFBA.UWP\Study3XFBA.UWP.csproj", "{4947BE3A-95E8-4DE4-91E8-2D39C2B90B83}"
EndProject
Project("{FAE04EC0-301F-11D3-BF4B-00C04F79EFBC}") = "Study3XFBA", "Study3XFBA\Study3XFBA\Study3XFBA.csproj", "{5AA0754E-248F-41F1-8B3B-B584A1F910E9}"
EndProject
Global
	GlobalSection(SolutionConfigurationPlatforms) = preSolution
		Ad-Hoc|Any CPU = Ad-Hoc|Any CPU
		Ad-Hoc|ARM = Ad-Hoc|ARM
		Ad-Hoc|iPhone = Ad-Hoc|iPhone
		Ad-Hoc|iPhoneSimulator = Ad-Hoc|iPhoneSimulator
		Ad-Hoc|x64 = Ad-Hoc|x64
		Ad-Hoc|x86 = Ad-Hoc|x86
		AppStore|Any CPU = AppStore|Any CPU
		AppStore|ARM = AppStore|ARM
		AppStore|iPhone = AppStore|iPhone
		AppStore|iPhoneSimulator = AppStore|iPhoneSimulator
		AppStore|x64 = AppStore|x64
		AppStore|x86 = AppStore|x86
		Debug|Any CPU = Debug|Any CPU
		Debug|ARM = Debug|ARM
		Debug|iPhone = Debug|iPhone
		Debug|iPhoneSimulator = Debug|iPhoneSimulator
		Debug|x64 = Debug|x64
		Debug|x86 = Debug|x86
		Release|Any CPU = Release|Any CPU
		Release|ARM = Release|ARM
		Release|iPhone = Release|iPhone
		Release|iPhoneSimulator = Release|iPhoneSimulator
		Release|x64 = Release|x64
		Release|x86 = Release|x86
	EndGlobalSection
	GlobalSection(ProjectConfigurationPlatforms) = postSolution
		{A234A0BC-76A4-4EF4-B28A-999106555232}.Ad-Hoc|Any CPU.ActiveCfg = Release|Any CPU
		{A234A0BC-76A4-4EF4-B28A-999106555232}.Ad-Hoc|Any CPU.Build.0 = Release|Any CPU
		{A234A0BC-76A4-4EF4-B28A-999106555232}.Ad-Hoc|Any CPU.Deploy.0 = Release|Any CPU
		{A234A0BC-76A4-4EF4-B28A-999106555232}.Ad-Hoc|ARM.ActiveCfg = Release|Any CPU
		{A234A0BC-76A4-4EF4-B28A-999106555232}.Ad-Hoc|ARM.Build.0 = Release|Any CPU
		{A234A0BC-76A4-4EF4-B28A-999106555232}.Ad-Hoc|ARM.Deploy.0 = Release|Any CPU
		{A234A0BC-76A4-4EF4-B28A-999106555232}.Ad-Hoc|iPhone.ActiveCfg = Release|Any CPU
		{A234A0BC-76A4-4EF4-B28A-999106555232}.Ad-Hoc|iPhone.Build.0 = Release|Any CPU
		{A234A0BC-76A4-4EF4-B28A-999106555232}.Ad-Hoc|iPhone.Deploy.0 = Release|Any CPU
		{A234A0BC-76A4-4EF4-B28A-999106555232}.Ad-Hoc|iPhoneSimulator.ActiveCfg = Release|Any CPU
		{A234A0BC-76A4-4EF4-B28A-999106555232}.Ad-Hoc|iPhoneSimulator.Build.0 = Release|Any CPU
		{A234A0BC-76A4-4EF4-B28A-999106555232}.Ad-Hoc|iPhoneSimulator.Deploy.0 = Release|Any CPU
		{A234A0BC-76A4-4EF4-B28A-999106555232}.Ad-Hoc|x64.ActiveCfg = Release|Any CPU
		{A234A0BC-76A4-4EF4-B28A-999106555232}.Ad-Hoc|x64.Build.0 = Release|Any CPU
		{A234A0BC-76A4-4EF4-B28A-999106555232}.Ad-Hoc|x64.Deploy.0 = Release|Any CPU
		{A234A0BC-76A4-4EF4-B28A-999106555232}.Ad-Hoc|x86.ActiveCfg = Release|Any CPU
		{A234A0BC-76A4-4EF4-B28A-999106555232}.Ad-Hoc|x86.Build.0 = Release|Any CPU
		{A234A0BC-76A4-4EF4-B28A-999106555232}.Ad-Hoc|x86.Deploy.0 = Release|Any CPU
		{A234A0BC-76A4-4EF4-B28A-999106555232}.AppStore|Any CPU.ActiveCfg = Release|Any CPU
		{A234A0BC-76A4-4EF4-B28A-999106555232}.AppStore|Any CPU.Build.0 = Release|Any CPU
		{A234A0BC-76A4-4EF4-B28A-999106555232}.AppStore|Any CPU.Deploy.0 = Release|Any CPU
		{A234A0BC-76A4-4EF4-B28A-999106555232}.AppStore|ARM.ActiveCfg = Release|Any CPU
		{A234A0BC-76A4-4EF4-B28A-999106555232}.AppStore|ARM.Build.0 = Release|Any CPU
		{A234A0BC-76A4-4EF4-B28A-999106555232}.AppStore|ARM.Deploy.0 = Release|Any CPU
		{A234A0BC-76A4-4EF4-B28A-999106555232}.AppStore|iPhone.ActiveCfg = Release|Any CPU
		{A234A0BC-76A4-4EF4-B28A-999106555232}.AppStore|iPhone.Build.0 = Release|Any CPU
		{A234A0BC-76A4-4EF4-B28A-999106555232}.AppStore|iPhone.Deploy.0 = Release|Any CPU
		{A234A0BC-76A4-4EF4-B28A-999106555232}.AppStore|iPhoneSimulator.ActiveCfg = Release|Any CPU
		{A234A0BC-76A4-4EF4-B28A-999106555232}.AppStore|iPhoneSimulator.Build.0 = Release|Any CPU
		{A234A0BC-76A4-4EF4-B28A-999106555232}.AppStore|iPhoneSimulator.Deploy.0 = Release|Any CPU
		{A234A0BC-76A4-4EF4-B28A-999106555232}.AppStore|x64.ActiveCfg = Release|Any CPU
		{A234A0BC-76A4-4EF4-B28A-999106555232}.AppStore|x64.Build.0 = Release|Any CPU
		{A234A0BC-76A4-4EF4-B28A-999106555232}.AppStore|x64.Deploy.0 = Release|Any CPU
		{A234A0BC-76A4-4EF4-B28A-999106555232}.AppStore|x86.ActiveCfg = Release|Any CPU
		{A234A0BC-76A4-4EF4-B28A-999106555232}.AppStore|x86.Build.0 = Release|Any CPU
		{A234A0BC-76A4-4EF4-B28A-999106555232}.AppStore|x86.Deploy.0 = Release|Any CPU
		{A234A0BC-76A4-4EF4-B28A-999106555232}.Debug|Any CPU.ActiveCfg = Debug|Any CPU
		{A234A0BC-76A4-4EF4-B28A-999106555232}.Debug|Any CPU.Build.0 = Debug|Any CPU
		{A234A0BC-76A4-4EF4-B28A-999106555232}.Debug|Any CPU.Deploy.0 = Debug|Any CPU
		{A234A0BC-76A4-4EF4-B28A-999106555232}.Debug|ARM.ActiveCfg = Debug|Any CPU
		{A234A0BC-76A4-4EF4-B28A-999106555232}.Debug|ARM.Build.0 = Debug|Any CPU
		{A234A0BC-76A4-4EF4-B28A-999106555232}.Debug|ARM.Deploy.0 = Debug|Any CPU
		{A234A0BC-76A4-4EF4-B28A-999106555232}.Debug|iPhone.ActiveCfg = Debug|Any CPU
		{A234A0BC-76A4-4EF4-B28A-999106555232}.Debug|iPhone.Build.0 = Debug|Any CPU
		{A234A0BC-76A4-4EF4-B28A-999106555232}.Debug|iPhone.Deploy.0 = Debug|Any CPU
		{A234A0BC-76A4-4EF4-B28A-999106555232}.Debug|iPhoneSimulator.ActiveCfg = Debug|Any CPU
		{A234A0BC-76A4-4EF4-B28A-999106555232}.Debug|iPhoneSimulator.Build.0 = Debug|Any CPU
		{A234A0BC-76A4-4EF4-B28A-999106555232}.Debug|iPhoneSimulator.Deploy.0 = Debug|Any CPU
		{A234A0BC-76A4-4EF4-B28A-999106555232}.Debug|x64.ActiveCfg = Debug|Any CPU
		{A234A0BC-76A4-4EF4-B28A-999106555232}.Debug|x64.Build.0 = Debug|Any CPU
		{A234A0BC-76A4-4EF4-B28A-999106555232}.Debug|x64.Deploy.0 = Debug|Any CPU
		{A234A0BC-76A4-4EF4-B28A-999106555232}.Debug|x86.ActiveCfg = Debug|Any CPU
		{A234A0BC-76A4-4EF4-B28A-999106555232}.Debug|x86.Build.0 = Debug|Any CPU
		{A234A0BC-76A4-4EF4-B28A-999106555232}.Debug|x86.Deploy.0 = Debug|Any CPU
		{A234A0BC-76A4-4EF4-B28A-999106555232}.Release|Any CPU.ActiveCfg = Release|Any CPU
		{A234A0BC-76A4-4EF4-B28A-999106555232}.Release|Any CPU.Build.0 = Release|Any CPU
		{A234A0BC-76A4-4EF4-B28A-999106555232}.Release|Any CPU.Deploy.0 = Release|Any CPU
		{A234A0BC-76A4-4EF4-B28A-999106555232}.Release|ARM.ActiveCfg = Release|Any CPU
		{A234A0BC-76A4-4EF4-B28A-999106555232}.Release|ARM.Build.0 = Release|Any CPU
		{A234A0BC-76A4-4EF4-B28A-999106555232}.Release|ARM.Deploy.0 = Release|Any CPU
		{A234A0BC-76A4-4EF4-B28A-999106555232}.Release|iPhone.ActiveCfg = Release|Any CPU
		{A234A0BC-76A4-4EF4-B28A-999106555232}.Release|iPhone.Build.0 = Release|Any CPU
		{A234A0BC-76A4-4EF4-B28A-999106555232}.Release|iPhone.Deploy.0 = Release|Any CPU
		{A234A0BC-76A4-4EF4-B28A-999106555232}.Release|iPhoneSimulator.ActiveCfg = Release|Any CPU
		{A234A0BC-76A4-4EF4-B28A-999106555232}.Release|iPhoneSimulator.Build.0 = Release|Any CPU
		{A234A0BC-76A4-4EF4-B28A-999106555232}.Release|iPhoneSimulator.Deploy.0 = Release|Any CPU
		{A234A0BC-76A4-4EF4-B28A-999106555232}.Release|x64.ActiveCfg = Release|Any CPU
		{A234A0BC-76A4-4EF4-B28A-999106555232}.Release|x64.Build.0 = Release|Any CPU
		{A234A0BC-76A4-4EF4-B28A-999106555232}.Release|x64.Deploy.0 = Release|Any CPU
		{A234A0BC-76A4-4EF4-B28A-999106555232}.Release|x86.ActiveCfg = Release|Any CPU
		{A234A0BC-76A4-4EF4-B28A-999106555232}.Release|x86.Build.0 = Release|Any CPU
		{A234A0BC-76A4-4EF4-B28A-999106555232}.Release|x86.Deploy.0 = Release|Any CPU
		{2BF702A9-305D-4FAA-96B3-6B376C1D4825}.Ad-Hoc|Any CPU.ActiveCfg = Ad-Hoc|iPhone
		{2BF702A9-305D-4FAA-96B3-6B376C1D4825}.Ad-Hoc|ARM.ActiveCfg = Ad-Hoc|iPhone
		{2BF702A9-305D-4FAA-96B3-6B376C1D4825}.Ad-Hoc|iPhone.ActiveCfg = Ad-Hoc|iPhone
		{2BF702A9-305D-4FAA-96B3-6B376C1D4825}.Ad-Hoc|iPhone.Build.0 = Ad-Hoc|iPhone
		{2BF702A9-305D-4FAA-96B3-6B376C1D4825}.Ad-Hoc|iPhoneSimulator.ActiveCfg = Ad-Hoc|iPhoneSimulator
		{2BF702A9-305D-4FAA-96B3-6B376C1D4825}.Ad-Hoc|iPhoneSimulator.Build.0 = Ad-Hoc|iPhoneSimulator
		{2BF702A9-305D-4FAA-96B3-6B376C1D4825}.Ad-Hoc|x64.ActiveCfg = Ad-Hoc|iPhone
		{2BF702A9-305D-4FAA-96B3-6B376C1D4825}.Ad-Hoc|x86.ActiveCfg = Ad-Hoc|iPhone
		{2BF702A9-305D-4FAA-96B3-6B376C1D4825}.AppStore|Any CPU.ActiveCfg = AppStore|iPhone
		{2BF702A9-305D-4FAA-96B3-6B376C1D4825}.AppStore|ARM.ActiveCfg = AppStore|iPhone
		{2BF702A9-305D-4FAA-96B3-6B376C1D4825}.AppStore|iPhone.ActiveCfg = AppStore|iPhone
		{2BF702A9-305D-4FAA-96B3-6B376C1D4825}.AppStore|iPhone.Build.0 = AppStore|iPhone
		{2BF702A9-305D-4FAA-96B3-6B376C1D4825}.AppStore|iPhoneSimulator.ActiveCfg = AppStore|iPhoneSimulator
		{2BF702A9-305D-4FAA-96B3-6B376C1D4825}.AppStore|iPhoneSimulator.Build.0 = AppStore|iPhoneSimulator
		{2BF702A9-305D-4FAA-96B3-6B376C1D4825}.AppStore|x64.ActiveCfg = AppStore|iPhone
		{2BF702A9-305D-4FAA-96B3-6B376C1D4825}.AppStore|x86.ActiveCfg = AppStore|iPhone
		{2BF702A9-305D-4FAA-96B3-6B376C1D4825}.Debug|Any CPU.ActiveCfg = Debug|iPhone
		{2BF702A9-305D-4FAA-96B3-6B376C1D4825}.Debug|ARM.ActiveCfg = Debug|iPhone
		{2BF702A9-305D-4FAA-96B3-6B376C1D4825}.Debug|iPhone.ActiveCfg = Debug|iPhone
		{2BF702A9-305D-4FAA-96B3-6B376C1D4825}.Debug|iPhone.Build.0 = Debug|iPhone
		{2BF702A9-305D-4FAA-96B3-6B376C1D4825}.Debug|iPhoneSimulator.ActiveCfg = Debug|iPhoneSimulator
		{2BF702A9-305D-4FAA-96B3-6B376C1D4825}.Debug|iPhoneSimulator.Build.0 = Debug|iPhoneSimulator
		{2BF702A9-305D-4FAA-96B3-6B376C1D4825}.Debug|x64.ActiveCfg = Debug|iPhone
		{2BF702A9-305D-4FAA-96B3-6B376C1D4825}.Debug|x86.ActiveCfg = Debug|iPhone
		{2BF702A9-305D-4FAA-96B3-6B376C1D4825}.Release|Any CPU.ActiveCfg = Release|iPhone
		{2BF702A9-305D-4FAA-96B3-6B376C1D4825}.Release|ARM.ActiveCfg = Release|iPhone
		{2BF702A9-305D-4FAA-96B3-6B376C1D4825}.Release|iPhone.ActiveCfg = Release|iPhone
		{2BF702A9-305D-4FAA-96B3-6B376C1D4825}.Release|iPhone.Build.0 = Release|iPhone
		{2BF702A9-305D-4FAA-96B3-6B376C1D4825}.Release|iPhoneSimulator.ActiveCfg = Release|iPhoneSimulator
		{2BF702A9-305D-4FAA-96B3-6B376C1D4825}.Release|iPhoneSimulator.Build.0 = Release|iPhoneSimulator
		{2BF702A9-305D-4FAA-96B3-6B376C1D4825}.Release|x64.ActiveCfg = Release|iPhone
		{2BF702A9-305D-4FAA-96B3-6B376C1D4825}.Release|x86.ActiveCfg = Release|iPhone
		{4947BE3A-95E8-4DE4-91E8-2D39C2B90B83}.Ad-Hoc|Any CPU.ActiveCfg = Release|x86
		{4947BE3A-95E8-4DE4-91E8-2D39C2B90B83}.Ad-Hoc|Any CPU.Build.0 = Release|x86
		{4947BE3A-95E8-4DE4-91E8-2D39C2B90B83}.Ad-Hoc|Any CPU.Deploy.0 = Release|x86
		{4947BE3A-95E8-4DE4-91E8-2D39C2B90B83}.Ad-Hoc|ARM.ActiveCfg = Release|ARM
		{4947BE3A-95E8-4DE4-91E8-2D39C2B90B83}.Ad-Hoc|ARM.Build.0 = Release|ARM
		{4947BE3A-95E8-4DE4-91E8-2D39C2B90B83}.Ad-Hoc|ARM.Deploy.0 = Release|ARM
		{4947BE3A-95E8-4DE4-91E8-2D39C2B90B83}.Ad-Hoc|iPhone.ActiveCfg = Release|x86
		{4947BE3A-95E8-4DE4-91E8-2D39C2B90B83}.Ad-Hoc|iPhone.Build.0 = Release|x86
		{4947BE3A-95E8-4DE4-91E8-2D39C2B90B83}.Ad-Hoc|iPhone.Deploy.0 = Release|x86
		{4947BE3A-95E8-4DE4-91E8-2D39C2B90B83}.Ad-Hoc|iPhoneSimulator.ActiveCfg = Release|x86
		{4947BE3A-95E8-4DE4-91E8-2D39C2B90B83}.Ad-Hoc|iPhoneSimulator.Build.0 = Release|x86
		{4947BE3A-95E8-4DE4-91E8-2D39C2B90B83}.Ad-Hoc|iPhoneSimulator.Deploy.0 = Release|x86
		{4947BE3A-95E8-4DE4-91E8-2D39C2B90B83}.Ad-Hoc|x64.ActiveCfg = Release|x64
		{4947BE3A-95E8-4DE4-91E8-2D39C2B90B83}.Ad-Hoc|x64.Build.0 = Release|x64
		{4947BE3A-95E8-4DE4-91E8-2D39C2B90B83}.Ad-Hoc|x64.Deploy.0 = Release|x64
		{4947BE3A-95E8-4DE4-91E8-2D39C2B90B83}.Ad-Hoc|x86.ActiveCfg = Release|x86
		{4947BE3A-95E8-4DE4-91E8-2D39C2B90B83}.Ad-Hoc|x86.Build.0 = Release|x86
		{4947BE3A-95E8-4DE4-91E8-2D39C2B90B83}.Ad-Hoc|x86.Deploy.0 = Release|x86
		{4947BE3A-95E8-4DE4-91E8-2D39C2B90B83}.AppStore|Any CPU.ActiveCfg = Release|x86
		{4947BE3A-95E8-4DE4-91E8-2D39C2B90B83}.AppStore|Any CPU.Build.0 = Release|x86
		{4947BE3A-95E8-4DE4-91E8-2D39C2B90B83}.AppStore|Any CPU.Deploy.0 = Release|x86
		{4947BE3A-95E8-4DE4-91E8-2D39C2B90B83}.AppStore|ARM.ActiveCfg = Release|ARM
		{4947BE3A-95E8-4DE4-91E8-2D39C2B90B83}.AppStore|ARM.Build.0 = Release|ARM
		{4947BE3A-95E8-4DE4-91E8-2D39C2B90B83}.AppStore|ARM.Deploy.0 = Release|ARM
		{4947BE3A-95E8-4DE4-91E8-2D39C2B90B83}.AppStore|iPhone.ActiveCfg = Release|x86
		{4947BE3A-95E8-4DE4-91E8-2D39C2B90B83}.AppStore|iPhone.Build.0 = Release|x86
		{4947BE3A-95E8-4DE4-91E8-2D39C2B90B83}.AppStore|iPhone.Deploy.0 = Release|x86
		{4947BE3A-95E8-4DE4-91E8-2D39C2B90B83}.AppStore|iPhoneSimulator.ActiveCfg = Release|x86
		{4947BE3A-95E8-4DE4-91E8-2D39C2B90B83}.AppStore|iPhoneSimulator.Build.0 = Release|x86
		{4947BE3A-95E8-4DE4-91E8-2D39C2B90B83}.AppStore|iPhoneSimulator.Deploy.0 = Release|x86
		{4947BE3A-95E8-4DE4-91E8-2D39C2B90B83}.AppStore|x64.ActiveCfg = Release|x64
		{4947BE3A-95E8-4DE4-91E8-2D39C2B90B83}.AppStore|x64.Build.0 = Release|x64
		{4947BE3A-95E8-4DE4-91E8-2D39C2B90B83}.AppStore|x64.Deploy.0 = Release|x64
		{4947BE3A-95E8-4DE4-91E8-2D39C2B90B83}.AppStore|x86.ActiveCfg = Release|x86
		{4947BE3A-95E8-4DE4-91E8-2D39C2B90B83}.AppStore|x86.Build.0 = Release|x86
		{4947BE3A-95E8-4DE4-91E8-2D39C2B90B83}.AppStore|x86.Deploy.0 = Release|x86
		{4947BE3A-95E8-4DE4-91E8-2D39C2B90B83}.Debug|Any CPU.ActiveCfg = Debug|x86
		{4947BE3A-95E8-4DE4-91E8-2D39C2B90B83}.Debug|ARM.ActiveCfg = Debug|ARM
		{4947BE3A-95E8-4DE4-91E8-2D39C2B90B83}.Debug|ARM.Build.0 = Debug|ARM
		{4947BE3A-95E8-4DE4-91E8-2D39C2B90B83}.Debug|ARM.Deploy.0 = Debug|ARM
		{4947BE3A-95E8-4DE4-91E8-2D39C2B90B83}.Debug|iPhone.ActiveCfg = Debug|x86
		{4947BE3A-95E8-4DE4-91E8-2D39C2B90B83}.Debug|iPhoneSimulator.ActiveCfg = Debug|x86
		{4947BE3A-95E8-4DE4-91E8-2D39C2B90B83}.Debug|x64.ActiveCfg = Debug|x64
		{4947BE3A-95E8-4DE4-91E8-2D39C2B90B83}.Debug|x64.Build.0 = Debug|x64
		{4947BE3A-95E8-4DE4-91E8-2D39C2B90B83}.Debug|x64.Deploy.0 = Debug|x64
		{4947BE3A-95E8-4DE4-91E8-2D39C2B90B83}.Debug|x86.ActiveCfg = Debug|x86
		{4947BE3A-95E8-4DE4-91E8-2D39C2B90B83}.Debug|x86.Build.0 = Debug|x86
		{4947BE3A-95E8-4DE4-91E8-2D39C2B90B83}.Debug|x86.Deploy.0 = Debug|x86
		{4947BE3A-95E8-4DE4-91E8-2D39C2B90B83}.Release|Any CPU.ActiveCfg = Release|x86
		{4947BE3A-95E8-4DE4-91E8-2D39C2B90B83}.Release|ARM.ActiveCfg = Release|ARM
		{4947BE3A-95E8-4DE4-91E8-2D39C2B90B83}.Release|ARM.Build.0 = Release|ARM
		{4947BE3A-95E8-4DE4-91E8-2D39C2B90B83}.Release|ARM.Deploy.0 = Release|ARM
		{4947BE3A-95E8-4DE4-91E8-2D39C2B90B83}.Release|iPhone.ActiveCfg = Release|x86
		{4947BE3A-95E8-4DE4-91E8-2D39C2B90B83}.Release|iPhoneSimulator.ActiveCfg = Release|x86
		{4947BE3A-95E8-4DE4-91E8-2D39C2B90B83}.Release|x64.ActiveCfg = Release|x64
		{4947BE3A-95E8-4DE4-91E8-2D39C2B90B83}.Release|x64.Build.0 = Release|x64
		{4947BE3A-95E8-4DE4-91E8-2D39C2B90B83}.Release|x64.Deploy.0 = Release|x64
		{4947BE3A-95E8-4DE4-91E8-2D39C2B90B83}.Release|x86.ActiveCfg = Release|x86
		{4947BE3A-95E8-4DE4-91E8-2D39C2B90B83}.Release|x86.Build.0 = Release|x86
		{4947BE3A-95E8-4DE4-91E8-2D39C2B90B83}.Release|x86.Deploy.0 = Release|x86
		{5AA0754E-248F-41F1-8B3B-B584A1F910E9}.Ad-Hoc|Any CPU.ActiveCfg = Debug|Any CPU
		{5AA0754E-248F-41F1-8B3B-B584A1F910E9}.Ad-Hoc|Any CPU.Build.0 = Debug|Any CPU
		{5AA0754E-248F-41F1-8B3B-B584A1F910E9}.Ad-Hoc|ARM.ActiveCfg = Debug|Any CPU
		{5AA0754E-248F-41F1-8B3B-B584A1F910E9}.Ad-Hoc|ARM.Build.0 = Debug|Any CPU
		{5AA0754E-248F-41F1-8B3B-B584A1F910E9}.Ad-Hoc|iPhone.ActiveCfg = Debug|Any CPU
		{5AA0754E-248F-41F1-8B3B-B584A1F910E9}.Ad-Hoc|iPhone.Build.0 = Debug|Any CPU
		{5AA0754E-248F-41F1-8B3B-B584A1F910E9}.Ad-Hoc|iPhoneSimulator.ActiveCfg = Debug|Any CPU
		{5AA0754E-248F-41F1-8B3B-B584A1F910E9}.Ad-Hoc|iPhoneSimulator.Build.0 = Debug|Any CPU
		{5AA0754E-248F-41F1-8B3B-B584A1F910E9}.Ad-Hoc|x64.ActiveCfg = Debug|Any CPU
		{5AA0754E-248F-41F1-8B3B-B584A1F910E9}.Ad-Hoc|x64.Build.0 = Debug|Any CPU
		{5AA0754E-248F-41F1-8B3B-B584A1F910E9}.Ad-Hoc|x86.ActiveCfg = Debug|Any CPU
		{5AA0754E-248F-41F1-8B3B-B584A1F910E9}.Ad-Hoc|x86.Build.0 = Debug|Any CPU
		{5AA0754E-248F-41F1-8B3B-B584A1F910E9}.AppStore|Any CPU.ActiveCfg = Debug|Any CPU
		{5AA0754E-248F-41F1-8B3B-B584A1F910E9}.AppStore|Any CPU.Build.0 = Debug|Any CPU
		{5AA0754E-248F-41F1-8B3B-B584A1F910E9}.AppStore|ARM.ActiveCfg = Debug|Any CPU
		{5AA0754E-248F-41F1-8B3B-B584A1F910E9}.AppStore|ARM.Build.0 = Debug|Any CPU
		{5AA0754E-248F-41F1-8B3B-B584A1F910E9}.AppStore|iPhone.ActiveCfg = Debug|Any CPU
		{5AA0754E-248F-41F1-8B3B-B584A1F910E9}.AppStore|iPhone.Build.0 = Debug|Any CPU
		{5AA0754E-248F-41F1-8B3B-B584A1F910E9}.AppStore|iPhoneSimulator.ActiveCfg = Debug|Any CPU
		{5AA0754E-248F-41F1-8B3B-B584A1F910E9}.AppStore|iPhoneSimulator.Build.0 = Debug|Any CPU
		{5AA0754E-248F-41F1-8B3B-B584A1F910E9}.AppStore|x64.ActiveCfg = Debug|Any CPU
		{5AA0754E-248F-41F1-8B3B-B584A1F910E9}.AppStore|x64.Build.0 = Debug|Any CPU
		{5AA0754E-248F-41F1-8B3B-B584A1F910E9}.AppStore|x86.ActiveCfg = Debug|Any CPU
		{5AA0754E-248F-41F1-8B3B-B584A1F910E9}.AppStore|x86.Build.0 = Debug|Any CPU
		{5AA0754E-248F-41F1-8B3B-B584A1F910E9}.Debug|Any CPU.ActiveCfg = Debug|Any CPU
		{5AA0754E-248F-41F1-8B3B-B584A1F910E9}.Debug|Any CPU.Build.0 = Debug|Any CPU
		{5AA0754E-248F-41F1-8B3B-B584A1F910E9}.Debug|ARM.ActiveCfg = Debug|Any CPU
		{5AA0754E-248F-41F1-8B3B-B584A1F910E9}.Debug|ARM.Build.0 = Debug|Any CPU
		{5AA0754E-248F-41F1-8B3B-B584A1F910E9}.Debug|iPhone.ActiveCfg = Debug|Any CPU
		{5AA0754E-248F-41F1-8B3B-B584A1F910E9}.Debug|iPhone.Build.0 = Debug|Any CPU
		{5AA0754E-248F-41F1-8B3B-B584A1F910E9}.Debug|iPhoneSimulator.ActiveCfg = Debug|Any CPU
		{5AA0754E-248F-41F1-8B3B-B584A1F910E9}.Debug|iPhoneSimulator.Build.0 = Debug|Any CPU
		{5AA0754E-248F-41F1-8B3B-B584A1F910E9}.Debug|x64.ActiveCfg = Debug|Any CPU
		{5AA0754E-248F-41F1-8B3B-B584A1F910E9}.Debug|x64.Build.0 = Debug|Any CPU
		{5AA0754E-248F-41F1-8B3B-B584A1F910E9}.Debug|x86.ActiveCfg = Debug|Any CPU
		{5AA0754E-248F-41F1-8B3B-B584A1F910E9}.Debug|x86.Build.0 = Debug|Any CPU
		{5AA0754E-248F-41F1-8B3B-B584A1F910E9}.Release|Any CPU.ActiveCfg = Release|Any CPU
		{5AA0754E-248F-41F1-8B3B-B584A1F910E9}.Release|Any CPU.Build.0 = Release|Any CPU
		{5AA0754E-248F-41F1-8B3B-B584A1F910E9}.Release|ARM.ActiveCfg = Release|Any CPU
		{5AA0754E-248F-41F1-8B3B-B584A1F910E9}.Release|ARM.Build.0 = Release|Any CPU
		{5AA0754E-248F-41F1-8B3B-B584A1F910E9}.Release|iPhone.ActiveCfg = Release|Any CPU
		{5AA0754E-248F-41F1-8B3B-B584A1F910E9}.Release|iPhone.Build.0 = Release|Any CPU
		{5AA0754E-248F-41F1-8B3B-B584A1F910E9}.Release|iPhoneSimulator.ActiveCfg = Release|Any CPU
		{5AA0754E-248F-41F1-8B3B-B584A1F910E9}.Release|iPhoneSimulator.Build.0 = Release|Any CPU
		{5AA0754E-248F-41F1-8B3B-B584A1F910E9}.Release|x64.ActiveCfg = Release|Any CPU
		{5AA0754E-248F-41F1-8B3B-B584A1F910E9}.Release|x64.Build.0 = Release|Any CPU
		{5AA0754E-248F-41F1-8B3B-B584A1F910E9}.Release|x86.ActiveCfg = Release|Any CPU
		{5AA0754E-248F-41F1-8B3B-B584A1F910E9}.Release|x86.Build.0 = Release|Any CPU
	EndGlobalSection
	GlobalSection(SolutionProperties) = preSolution
		HideSolutionNode = FALSE
	EndGlobalSection
	GlobalSection(ExtensibilityGlobals) = postSolution
		SolutionGuid = {DECE0DC6-3F7E-4DC9-9AE5-6F41E858002E}
	EndGlobalSection
EndGlobal
